
Microsoft Visual Studio Solution File, Format Version 12.00
# Visual Studio Version 16
VisualStudioVersion = 16.0.31205.134
MinimumVisualStudioVersion = 10.0.40219.1
Project("{FAE04EC0-301F-11D3-BF4B-00C04F79EFBC}") = "01Cafe_Tests", "ConsoleAppsChallenges\01Cafe_Tests.csproj", "{3FB4A433-BCBE-4C67-864C-9D81888D495E}"
EndProject
Project("{2150E333-8FDC-42A3-9474-1A3956D46DE8}") = "01Cafe", "01Cafe", "{AF8A3A77-8F38-459B-B7AF-79DDF0BBD494}"
EndProject
Project("{FAE04EC0-301F-11D3-BF4B-00C04F79EFBC}") = "01Cafe_Repo", "01Cafe_Repo\01Cafe_Repo.csproj", "{8EDC2434-6374-41B0-A544-7E3DD4F87A67}"
EndProject
Project("{FAE04EC0-301F-11D3-BF4B-00C04F79EFBC}") = "01Cafe_Console", "01Cafe_Console\01Cafe_Console.csproj", "{A546C0E3-9CFA-42A5-9EB4-700114348D2F}"
EndProject
Project("{2150E333-8FDC-42A3-9474-1A3956D46DE8}") = "02Claims", "02Claims", "{02BAE9F6-9606-4F3E-9543-4D673444F601}"
EndProject
Project("{2150E333-8FDC-42A3-9474-1A3956D46DE8}") = "03Badges", "03Badges", "{60B843F6-E143-478E-9D4B-B1B53575C1C1}"
EndProject
Project("{FAE04EC0-301F-11D3-BF4B-00C04F79EFBC}") = "02Claims_Test", "02Claims_Test\02Claims_Test.csproj", "{A6AA5FE1-C110-487D-9E02-D05500870226}"
EndProject
Project("{FAE04EC0-301F-11D3-BF4B-00C04F79EFBC}") = "03Badges_Tests", "03Badges_Tests\03Badges_Tests.csproj", "{E66789E9-857D-416A-8E57-729F061BFD0B}"
EndProject
Project("{FAE04EC0-301F-11D3-BF4B-00C04F79EFBC}") = "02Claims_Console", "02Claims_Console\02Claims_Console.csproj", "{25FAF286-00A5-45BA-88BC-D7A9C3814172}"
EndProject
Project("{FAE04EC0-301F-11D3-BF4B-00C04F79EFBC}") = "03Badges_Console", "03Badges_Console\03Badges_Console.csproj", "{9714B407-75BD-40EF-A00A-113379E26A5A}"
EndProject
Project("{FAE04EC0-301F-11D3-BF4B-00C04F79EFBC}") = "02Claims_Repo", "02Claims_Repo\02Claims_Repo.csproj", "{C9450A2E-415B-477D-869D-288840A105D1}"
EndProject
Project("{FAE04EC0-301F-11D3-BF4B-00C04F79EFBC}") = "03Badges_Repo", "03Badges_Repo\03Badges_Repo.csproj", "{99CDCAAE-9714-4B1F-88AF-8907CFCAC2FC}"
EndProject
Project("{2150E333-8FDC-42A3-9474-1A3956D46DE8}") = "Solution Items", "Solution Items", "{BA07DFB1-C9A5-4890-848C-DEA8C3D7C538}"
	ProjectSection(SolutionItems) = preProject
		readme.md = readme.md
	EndProjectSection
EndProject
Global
	GlobalSection(SolutionConfigurationPlatforms) = preSolution
		Debug|Any CPU = Debug|Any CPU
		Release|Any CPU = Release|Any CPU
	EndGlobalSection
	GlobalSection(ProjectConfigurationPlatforms) = postSolution
		{3FB4A433-BCBE-4C67-864C-9D81888D495E}.Debug|Any CPU.ActiveCfg = Debug|Any CPU
		{3FB4A433-BCBE-4C67-864C-9D81888D495E}.Debug|Any CPU.Build.0 = Debug|Any CPU
		{3FB4A433-BCBE-4C67-864C-9D81888D495E}.Release|Any CPU.ActiveCfg = Release|Any CPU
		{3FB4A433-BCBE-4C67-864C-9D81888D495E}.Release|Any CPU.Build.0 = Release|Any CPU
		{8EDC2434-6374-41B0-A544-7E3DD4F87A67}.Debug|Any CPU.ActiveCfg = Debug|Any CPU
		{8EDC2434-6374-41B0-A544-7E3DD4F87A67}.Debug|Any CPU.Build.0 = Debug|Any CPU
		{8EDC2434-6374-41B0-A544-7E3DD4F87A67}.Release|Any CPU.ActiveCfg = Release|Any CPU
		{8EDC2434-6374-41B0-A544-7E3DD4F87A67}.Release|Any CPU.Build.0 = Release|Any CPU
		{A546C0E3-9CFA-42A5-9EB4-700114348D2F}.Debug|Any CPU.ActiveCfg = Debug|Any CPU
		{A546C0E3-9CFA-42A5-9EB4-700114348D2F}.Debug|Any CPU.Build.0 = Debug|Any CPU
		{A546C0E3-9CFA-42A5-9EB4-700114348D2F}.Release|Any CPU.ActiveCfg = Release|Any CPU
		{A546C0E3-9CFA-42A5-9EB4-700114348D2F}.Release|Any CPU.Build.0 = Release|Any CPU
		{A6AA5FE1-C110-487D-9E02-D05500870226}.Debug|Any CPU.ActiveCfg = Debug|Any CPU
		{A6AA5FE1-C110-487D-9E02-D05500870226}.Debug|Any CPU.Build.0 = Debug|Any CPU
		{A6AA5FE1-C110-487D-9E02-D05500870226}.Release|Any CPU.ActiveCfg = Release|Any CPU
		{A6AA5FE1-C110-487D-9E02-D05500870226}.Release|Any CPU.Build.0 = Release|Any CPU
		{E66789E9-857D-416A-8E57-729F061BFD0B}.Debug|Any CPU.ActiveCfg = Debug|Any CPU
		{E66789E9-857D-416A-8E57-729F061BFD0B}.Debug|Any CPU.Build.0 = Debug|Any CPU
		{E66789E9-857D-416A-8E57-729F061BFD0B}.Release|Any CPU.ActiveCfg = Release|Any CPU
		{E66789E9-857D-416A-8E57-729F061BFD0B}.Release|Any CPU.Build.0 = Release|Any CPU
		{25FAF286-00A5-45BA-88BC-D7A9C3814172}.Debug|Any CPU.ActiveCfg = Debug|Any CPU
		{25FAF286-00A5-45BA-88BC-D7A9C3814172}.Debug|Any CPU.Build.0 = Debug|Any CPU
		{25FAF286-00A5-45BA-88BC-D7A9C3814172}.Release|Any CPU.ActiveCfg = Release|Any CPU
		{25FAF286-00A5-45BA-88BC-D7A9C3814172}.Release|Any CPU.Build.0 = Release|Any CPU
		{9714B407-75BD-40EF-A00A-113379E26A5A}.Debug|Any CPU.ActiveCfg = Debug|Any CPU
		{9714B407-75BD-40EF-A00A-113379E26A5A}.Debug|Any CPU.Build.0 = Debug|Any CPU
		{9714B407-75BD-40EF-A00A-113379E26A5A}.Release|Any CPU.ActiveCfg = Release|Any CPU
		{9714B407-75BD-40EF-A00A-113379E26A5A}.Release|Any CPU.Build.0 = Release|Any CPU
		{C9450A2E-415B-477D-869D-288840A105D1}.Debug|Any CPU.ActiveCfg = Debug|Any CPU
		{C9450A2E-415B-477D-869D-288840A105D1}.Debug|Any CPU.Build.0 = Debug|Any CPU
		{C9450A2E-415B-477D-869D-288840A105D1}.Release|Any CPU.ActiveCfg = Release|Any CPU
		{C9450A2E-415B-477D-869D-288840A105D1}.Release|Any CPU.Build.0 = Release|Any CPU
		{99CDCAAE-9714-4B1F-88AF-8907CFCAC2FC}.Debug|Any CPU.ActiveCfg = Debug|Any CPU
		{99CDCAAE-9714-4B1F-88AF-8907CFCAC2FC}.Debug|Any CPU.Build.0 = Debug|Any CPU
		{99CDCAAE-9714-4B1F-88AF-8907CFCAC2FC}.Release|Any CPU.ActiveCfg = Release|Any CPU
		{99CDCAAE-9714-4B1F-88AF-8907CFCAC2FC}.Release|Any CPU.Build.0 = Release|Any CPU
	EndGlobalSection
	GlobalSection(SolutionProperties) = preSolution
		HideSolutionNode = FALSE
	EndGlobalSection
	GlobalSection(NestedProjects) = preSolution
		{3FB4A433-BCBE-4C67-864C-9D81888D495E} = {AF8A3A77-8F38-459B-B7AF-79DDF0BBD494}
		{8EDC2434-6374-41B0-A544-7E3DD4F87A67} = {AF8A3A77-8F38-459B-B7AF-79DDF0BBD494}
		{A546C0E3-9CFA-42A5-9EB4-700114348D2F} = {AF8A3A77-8F38-459B-B7AF-79DDF0BBD494}
		{A6AA5FE1-C110-487D-9E02-D05500870226} = {02BAE9F6-9606-4F3E-9543-4D673444F601}
		{E66789E9-857D-416A-8E57-729F061BFD0B} = {60B843F6-E143-478E-9D4B-B1B53575C1C1}
		{25FAF286-00A5-45BA-88BC-D7A9C3814172} = {02BAE9F6-9606-4F3E-9543-4D673444F601}
		{9714B407-75BD-40EF-A00A-113379E26A5A} = {60B843F6-E143-478E-9D4B-B1B53575C1C1}
		{C9450A2E-415B-477D-869D-288840A105D1} = {02BAE9F6-9606-4F3E-9543-4D673444F601}
		{99CDCAAE-9714-4B1F-88AF-8907CFCAC2FC} = {60B843F6-E143-478E-9D4B-B1B53575C1C1}
	EndGlobalSection
	GlobalSection(ExtensibilityGlobals) = postSolution
		SolutionGuid = {F6BAEF23-F4D3-416B-B62A-F924459200F8}
	EndGlobalSection
EndGlobal
